
Microsoft Visual Studio Solution File, Format Version 12.00
# Visual Studio Version 17
VisualStudioVersion = 17.0.31903.59
MinimumVisualStudioVersion = 10.0.40219.1
Project("{FAE04EC0-301F-11D3-BF4B-00C04F79EFBC}") = "MalDealsBackend", "MalDealsBackend\MalDealsBackend.csproj", "{A20586F3-3FE2-429A-BD8A-B6B46E1C25DF}"
EndProject
Global
	GlobalSection(SolutionConfigurationPlatforms) = preSolution
		Debug|Any CPU = Debug|Any CPU
		Release|Any CPU = Release|Any CPU
	EndGlobalSection
	GlobalSection(SolutionProperties) = preSolution
		HideSolutionNode = FALSE
	EndGlobalSection
	GlobalSection(ProjectConfigurationPlatforms) = postSolution
		{A20586F3-3FE2-429A-BD8A-B6B46E1C25DF}.Debug|Any CPU.ActiveCfg = Debug|Any CPU
		{A20586F3-3FE2-429A-BD8A-B6B46E1C25DF}.Debug|Any CPU.Build.0 = Debug|Any CPU
		{A20586F3-3FE2-429A-BD8A-B6B46E1C25DF}.Release|Any CPU.ActiveCfg = Release|Any CPU
		{A20586F3-3FE2-429A-BD8A-B6B46E1C25DF}.Release|Any CPU.Build.0 = Release|Any CPU
	EndGlobalSection
EndGlobal
